// !$*UTF8*$!
{
	archiveVersion = 1;
	classes = {
	};
	objectVersion = 46;
	objects = {

/* Begin PBXBuildFile section */
		574DD1911BB59D9800C4B028 /* AVFoundation.framework in Frameworks */ = {isa = PBXBuildFile; fileRef = 574DD1901BB59D9800C4B028 /* AVFoundation.framework */; };
		574DD1931BB59E7000C4B028 /* error.mp3 in Resources */ = {isa = PBXBuildFile; fileRef = 574DD1921BB59E7000C4B028 /* error.mp3 */; settings = {ASSET_TAGS = (); }; };
		574DD1951BB59F2A00C4B028 /* success.mp3 in Resources */ = {isa = PBXBuildFile; fileRef = 574DD1941BB59F2A00C4B028 /* success.mp3 */; settings = {ASSET_TAGS = (); }; };
		57C1E6EC1BAE2C3000F93C95 /* GMTimer.swift in Sources */ = {isa = PBXBuildFile; fileRef = 57C1E6EB1BAE2C3000F93C95 /* GMTimer.swift */; settings = {ASSET_TAGS = (); }; };
		57FCEDFE1B9B449000D9806D /* AppDelegate.swift in Sources */ = {isa = PBXBuildFile; fileRef = 57FCEDFD1B9B449000D9806D /* AppDelegate.swift */; };
		57FCEE001B9B449000D9806D /* ViewController.swift in Sources */ = {isa = PBXBuildFile; fileRef = 57FCEDFF1B9B449000D9806D /* ViewController.swift */; };
		57FCEE031B9B449000D9806D /* Main.storyboard in Resources */ = {isa = PBXBuildFile; fileRef = 57FCEE011B9B449000D9806D /* Main.storyboard */; };
		57FCEE051B9B449000D9806D /* Images.xcassets in Resources */ = {isa = PBXBuildFile; fileRef = 57FCEE041B9B449000D9806D /* Images.xcassets */; };
		57FCEE081B9B449000D9806D /* LaunchScreen.xib in Resources */ = {isa = PBXBuildFile; fileRef = 57FCEE061B9B449000D9806D /* LaunchScreen.xib */; };
		57FCEE141B9B449000D9806D /* LumenTests.swift in Sources */ = {isa = PBXBuildFile; fileRef = 57FCEE131B9B449000D9806D /* LumenTests.swift */; };
		57FEA0671BA9C3AF00DB0791 /* WelcomeViewController.swift in Sources */ = {isa = PBXBuildFile; fileRef = 57FEA0661BA9C3AF00DB0791 /* WelcomeViewController.swift */; };
		CC225E7C1BC5439D00150DF2 /* GMLight.swift in Sources */ = {isa = PBXBuildFile; fileRef = CC225E7B1BC5439D00150DF2 /* GMLight.swift */; settings = {ASSET_TAGS = (); }; };
/* End PBXBuildFile section */

/* Begin PBXContainerItemProxy section */
		57FCEE0E1B9B449000D9806D /* PBXContainerItemProxy */ = {
			isa = PBXContainerItemProxy;
			containerPortal = 57FCEDF01B9B449000D9806D /* Project object */;
			proxyType = 1;
			remoteGlobalIDString = 57FCEDF71B9B449000D9806D;
			remoteInfo = Lumen;
		};
/* End PBXContainerItemProxy section */

/* Begin PBXFileReference section */
		574DD1901BB59D9800C4B028 /* AVFoundation.framework */ = {isa = PBXFileReference; lastKnownFileType = wrapper.framework; name = AVFoundation.framework; path = System/Library/Frameworks/AVFoundation.framework; sourceTree = SDKROOT; };
		574DD1921BB59E7000C4B028 /* error.mp3 */ = {isa = PBXFileReference; lastKnownFileType = audio.mp3; path = error.mp3; sourceTree = "<group>"; };
		574DD1941BB59F2A00C4B028 /* success.mp3 */ = {isa = PBXFileReference; lastKnownFileType = audio.mp3; path = success.mp3; sourceTree = "<group>"; };
		57C1E6EB1BAE2C3000F93C95 /* GMTimer.swift */ = {isa = PBXFileReference; fileEncoding = 4; lastKnownFileType = sourcecode.swift; path = GMTimer.swift; sourceTree = "<group>"; };
		57FCEDF81B9B449000D9806D /* Lumen.app */ = {isa = PBXFileReference; explicitFileType = wrapper.application; includeInIndex = 0; path = Lumen.app; sourceTree = BUILT_PRODUCTS_DIR; };
		57FCEDFC1B9B449000D9806D /* Info.plist */ = {isa = PBXFileReference; lastKnownFileType = text.plist.xml; path = Info.plist; sourceTree = "<group>"; };
		57FCEDFD1B9B449000D9806D /* AppDelegate.swift */ = {isa = PBXFileReference; lastKnownFileType = sourcecode.swift; path = AppDelegate.swift; sourceTree = "<group>"; };
		57FCEDFF1B9B449000D9806D /* ViewController.swift */ = {isa = PBXFileReference; lastKnownFileType = sourcecode.swift; path = ViewController.swift; sourceTree = "<group>"; };
		57FCEE021B9B449000D9806D /* Base */ = {isa = PBXFileReference; lastKnownFileType = file.storyboard; name = Base; path = Base.lproj/Main.storyboard; sourceTree = "<group>"; };
		57FCEE041B9B449000D9806D /* Images.xcassets */ = {isa = PBXFileReference; lastKnownFileType = folder.assetcatalog; path = Images.xcassets; sourceTree = "<group>"; };
		57FCEE071B9B449000D9806D /* Base */ = {isa = PBXFileReference; lastKnownFileType = file.xib; name = Base; path = Base.lproj/LaunchScreen.xib; sourceTree = "<group>"; };
		57FCEE0D1B9B449000D9806D /* LumenTests.xctest */ = {isa = PBXFileReference; explicitFileType = wrapper.cfbundle; includeInIndex = 0; path = LumenTests.xctest; sourceTree = BUILT_PRODUCTS_DIR; };
		57FCEE121B9B449000D9806D /* Info.plist */ = {isa = PBXFileReference; lastKnownFileType = text.plist.xml; path = Info.plist; sourceTree = "<group>"; };
		57FCEE131B9B449000D9806D /* LumenTests.swift */ = {isa = PBXFileReference; lastKnownFileType = sourcecode.swift; path = LumenTests.swift; sourceTree = "<group>"; };
		57FEA0661BA9C3AF00DB0791 /* WelcomeViewController.swift */ = {isa = PBXFileReference; fileEncoding = 4; lastKnownFileType = sourcecode.swift; path = WelcomeViewController.swift; sourceTree = "<group>"; };
		CC225E7B1BC5439D00150DF2 /* GMLight.swift */ = {isa = PBXFileReference; fileEncoding = 4; lastKnownFileType = sourcecode.swift; path = GMLight.swift; sourceTree = "<group>"; };
/* End PBXFileReference section */

/* Begin PBXFrameworksBuildPhase section */
		57FCEDF51B9B449000D9806D /* Frameworks */ = {
			isa = PBXFrameworksBuildPhase;
			buildActionMask = 2147483647;
			files = (
				574DD1911BB59D9800C4B028 /* AVFoundation.framework in Frameworks */,
			);
			runOnlyForDeploymentPostprocessing = 0;
		};
		57FCEE0A1B9B449000D9806D /* Frameworks */ = {
			isa = PBXFrameworksBuildPhase;
			buildActionMask = 2147483647;
			files = (
			);
			runOnlyForDeploymentPostprocessing = 0;
		};
/* End PBXFrameworksBuildPhase section */

/* Begin PBXGroup section */
		57FCEDEF1B9B449000D9806D = {
			isa = PBXGroup;
			children = (
				CC225E7B1BC5439D00150DF2 /* GMLight.swift */,
				574DD1901BB59D9800C4B028 /* AVFoundation.framework */,
				57FCEDFA1B9B449000D9806D /* Lumen */,
				57FCEE101B9B449000D9806D /* LumenTests */,
				57FCEDF91B9B449000D9806D /* Products */,
			);
			sourceTree = "<group>";
		};
		57FCEDF91B9B449000D9806D /* Products */ = {
			isa = PBXGroup;
			children = (
				57FCEDF81B9B449000D9806D /* Lumen.app */,
				57FCEE0D1B9B449000D9806D /* LumenTests.xctest */,
			);
			name = Products;
			sourceTree = "<group>";
		};
		57FCEDFA1B9B449000D9806D /* Lumen */ = {
			isa = PBXGroup;
			children = (
				57FCEDFD1B9B449000D9806D /* AppDelegate.swift */,
				57FCEDFF1B9B449000D9806D /* ViewController.swift */,
				57FEA0661BA9C3AF00DB0791 /* WelcomeViewController.swift */,
				57FCEE011B9B449000D9806D /* Main.storyboard */,
				57C1E6EB1BAE2C3000F93C95 /* GMTimer.swift */,
				57FCEE041B9B449000D9806D /* Images.xcassets */,
				57FCEE061B9B449000D9806D /* LaunchScreen.xib */,
				574DD1921BB59E7000C4B028 /* error.mp3 */,
				574DD1941BB59F2A00C4B028 /* success.mp3 */,
				57FCEDFB1B9B449000D9806D /* Supporting Files */,
			);
			path = Lumen;
			sourceTree = "<group>";
		};
		57FCEDFB1B9B449000D9806D /* Supporting Files */ = {
			isa = PBXGroup;
			children = (
				57FCEDFC1B9B449000D9806D /* Info.plist */,
			);
			name = "Supporting Files";
			sourceTree = "<group>";
		};
		57FCEE101B9B449000D9806D /* LumenTests */ = {
			isa = PBXGroup;
			children = (
				57FCEE131B9B449000D9806D /* LumenTests.swift */,
				57FCEE111B9B449000D9806D /* Supporting Files */,
			);
			path = LumenTests;
			sourceTree = "<group>";
		};
		57FCEE111B9B449000D9806D /* Supporting Files */ = {
			isa = PBXGroup;
			children = (
				57FCEE121B9B449000D9806D /* Info.plist */,
			);
			name = "Supporting Files";
			sourceTree = "<group>";
		};
/* End PBXGroup section */

/* Begin PBXNativeTarget section */
		57FCEDF71B9B449000D9806D /* Lumen */ = {
			isa = PBXNativeTarget;
			buildConfigurationList = 57FCEE171B9B449000D9806D /* Build configuration list for PBXNativeTarget "Lumen" */;
			buildPhases = (
				57FCEDF41B9B449000D9806D /* Sources */,
				57FCEDF51B9B449000D9806D /* Frameworks */,
				57FCEDF61B9B449000D9806D /* Resources */,
			);
			buildRules = (
			);
			dependencies = (
			);
			name = Lumen;
			productName = Lumen;
			productReference = 57FCEDF81B9B449000D9806D /* Lumen.app */;
			productType = "com.apple.product-type.application";
		};
		57FCEE0C1B9B449000D9806D /* LumenTests */ = {
			isa = PBXNativeTarget;
			buildConfigurationList = 57FCEE1A1B9B449000D9806D /* Build configuration list for PBXNativeTarget "LumenTests" */;
			buildPhases = (
				57FCEE091B9B449000D9806D /* Sources */,
				57FCEE0A1B9B449000D9806D /* Frameworks */,
				57FCEE0B1B9B449000D9806D /* Resources */,
			);
			buildRules = (
			);
			dependencies = (
				57FCEE0F1B9B449000D9806D /* PBXTargetDependency */,
			);
			name = LumenTests;
			productName = LumenTests;
			productReference = 57FCEE0D1B9B449000D9806D /* LumenTests.xctest */;
			productType = "com.apple.product-type.bundle.unit-test";
		};
/* End PBXNativeTarget section */

/* Begin PBXProject section */
		57FCEDF01B9B449000D9806D /* Project object */ = {
			isa = PBXProject;
			attributes = {
				LastSwiftMigration = 0700;
				LastSwiftUpdateCheck = 0700;
				LastUpgradeCheck = 0700;
				ORGANIZATIONNAME = "Gregg Mojica";
				TargetAttributes = {
					57FCEDF71B9B449000D9806D = {
						CreatedOnToolsVersion = 6.4;
						DevelopmentTeam = V5FE42WTHG;
					};
					57FCEE0C1B9B449000D9806D = {
						CreatedOnToolsVersion = 6.4;
						TestTargetID = 57FCEDF71B9B449000D9806D;
					};
				};
			};
			buildConfigurationList = 57FCEDF31B9B449000D9806D /* Build configuration list for PBXProject "lumen" */;
			compatibilityVersion = "Xcode 3.2";
			developmentRegion = English;
			hasScannedForEncodings = 0;
			knownRegions = (
				en,
				Base,
			);
			mainGroup = 57FCEDEF1B9B449000D9806D;
			productRefGroup = 57FCEDF91B9B449000D9806D /* Products */;
			projectDirPath = "";
			projectRoot = "";
			targets = (
				57FCEDF71B9B449000D9806D /* Lumen */,
				57FCEE0C1B9B449000D9806D /* LumenTests */,
			);
		};
/* End PBXProject section */

/* Begin PBXResourcesBuildPhase section */
		57FCEDF61B9B449000D9806D /* Resources */ = {
			isa = PBXResourcesBuildPhase;
			buildActionMask = 2147483647;
			files = (
				57FCEE031B9B449000D9806D /* Main.storyboard in Resources */,
				574DD1931BB59E7000C4B028 /* error.mp3 in Resources */,
				574DD1951BB59F2A00C4B028 /* success.mp3 in Resources */,
				57FCEE081B9B449000D9806D /* LaunchScreen.xib in Resources */,
				57FCEE051B9B449000D9806D /* Images.xcassets in Resources */,
			);
			runOnlyForDeploymentPostprocessing = 0;
		};
		57FCEE0B1B9B449000D9806D /* Resources */ = {
			isa = PBXResourcesBuildPhase;
			buildActionMask = 2147483647;
			files = (
			);
			runOnlyForDeploymentPostprocessing = 0;
		};
/* End PBXResourcesBuildPhase section */

/* Begin PBXSourcesBuildPhase section */
		57FCEDF41B9B449000D9806D /* Sources */ = {
			isa = PBXSourcesBuildPhase;
			buildActionMask = 2147483647;
			files = (
				CC225E7C1BC5439D00150DF2 /* GMLight.swift in Sources */,
				57FEA0671BA9C3AF00DB0791 /* WelcomeViewController.swift in Sources */,
				57C1E6EC1BAE2C3000F93C95 /* GMTimer.swift in Sources */,
				57FCEE001B9B449000D9806D /* ViewController.swift in Sources */,
				57FCEDFE1B9B449000D9806D /* AppDelegate.swift in Sources */,
			);
			runOnlyForDeploymentPostprocessing = 0;
		};
		57FCEE091B9B449000D9806D /* Sources */ = {
			isa = PBXSourcesBuildPhase;
			buildActionMask = 2147483647;
			files = (
				57FCEE141B9B449000D9806D /* LumenTests.swift in Sources */,
			);
			runOnlyForDeploymentPostprocessing = 0;
		};
/* End PBXSourcesBuildPhase section */

/* Begin PBXTargetDependency section */
		57FCEE0F1B9B449000D9806D /* PBXTargetDependency */ = {
			isa = PBXTargetDependency;
			target = 57FCEDF71B9B449000D9806D /* Lumen */;
			targetProxy = 57FCEE0E1B9B449000D9806D /* PBXContainerItemProxy */;
		};
/* End PBXTargetDependency section */

/* Begin PBXVariantGroup section */
		57FCEE011B9B449000D9806D /* Main.storyboard */ = {
			isa = PBXVariantGroup;
			children = (
				57FCEE021B9B449000D9806D /* Base */,
			);
			name = Main.storyboard;
			sourceTree = "<group>";
		};
		57FCEE061B9B449000D9806D /* LaunchScreen.xib */ = {
			isa = PBXVariantGroup;
			children = (
				57FCEE071B9B449000D9806D /* Base */,
			);
			name = LaunchScreen.xib;
			sourceTree = "<group>";
		};
/* End PBXVariantGroup section */

/* Begin XCBuildConfiguration section */
		57FCEE151B9B449000D9806D /* Debug */ = {
			isa = XCBuildConfiguration;
			buildSettings = {
				ALWAYS_SEARCH_USER_PATHS = NO;
				CLANG_CXX_LANGUAGE_STANDARD = "gnu++0x";
				CLANG_CXX_LIBRARY = "libc++";
				CLANG_ENABLE_MODULES = YES;
				CLANG_ENABLE_OBJC_ARC = YES;
				CLANG_WARN_BOOL_CONVERSION = YES;
				CLANG_WARN_CONSTANT_CONVERSION = YES;
				CLANG_WARN_DIRECT_OBJC_ISA_USAGE = YES_ERROR;
				CLANG_WARN_EMPTY_BODY = YES;
				CLANG_WARN_ENUM_CONVERSION = YES;
				CLANG_WARN_INT_CONVERSION = YES;
				CLANG_WARN_OBJC_ROOT_CLASS = YES_ERROR;
				CLANG_WARN_UNREACHABLE_CODE = YES;
				CLANG_WARN__DUPLICATE_METHOD_MATCH = YES;
				"CODE_SIGN_IDENTITY[sdk=iphoneos*]" = "iPhone Developer";
				COPY_PHASE_STRIP = NO;
				DEBUG_INFORMATION_FORMAT = "dwarf-with-dsym";
				ENABLE_STRICT_OBJC_MSGSEND = YES;
				ENABLE_TESTABILITY = YES;
				GCC_C_LANGUAGE_STANDARD = gnu99;
				GCC_DYNAMIC_NO_PIC = NO;
				GCC_NO_COMMON_BLOCKS = YES;
				GCC_OPTIMIZATION_LEVEL = 0;
				GCC_PREPROCESSOR_DEFINITIONS = (
					"DEBUG=1",
					"$(inherited)",
				);
				GCC_SYMBOLS_PRIVATE_EXTERN = NO;
				GCC_WARN_64_TO_32_BIT_CONVERSION = YES;
				GCC_WARN_ABOUT_RETURN_TYPE = YES_ERROR;
				GCC_WARN_UNDECLARED_SELECTOR = YES;
				GCC_WARN_UNINITIALIZED_AUTOS = YES_AGGRESSIVE;
				GCC_WARN_UNUSED_FUNCTION = YES;
				GCC_WARN_UNUSED_VARIABLE = YES;
				IPHONEOS_DEPLOYMENT_TARGET = 8.4;
				MTL_ENABLE_DEBUG_INFO = YES;
				ONLY_ACTIVE_ARCH = YES;
				SDKROOT = iphoneos;
				SWIFT_OPTIMIZATION_LEVEL = "-Onone";
				TARGETED_DEVICE_FAMILY = 2;
			};
			name = Debug;
		};
		57FCEE161B9B449000D9806D /* Release */ = {
			isa = XCBuildConfiguration;
			buildSettings = {
				ALWAYS_SEARCH_USER_PATHS = NO;
				CLANG_CXX_LANGUAGE_STANDARD = "gnu++0x";
				CLANG_CXX_LIBRARY = "libc++";
				CLANG_ENABLE_MODULES = YES;
				CLANG_ENABLE_OBJC_ARC = YES;
				CLANG_WARN_BOOL_CONVERSION = YES;
				CLANG_WARN_CONSTANT_CONVERSION = YES;
				CLANG_WARN_DIRECT_OBJC_ISA_USAGE = YES_ERROR;
				CLANG_WARN_EMPTY_BODY = YES;
				CLANG_WARN_ENUM_CONVERSION = YES;
				CLANG_WARN_INT_CONVERSION = YES;
				CLANG_WARN_OBJC_ROOT_CLASS = YES_ERROR;
				CLANG_WARN_UNREACHABLE_CODE = YES;
				CLANG_WARN__DUPLICATE_METHOD_MATCH = YES;
				"CODE_SIGN_IDENTITY[sdk=iphoneos*]" = "iPhone Developer";
				COPY_PHASE_STRIP = NO;
				DEBUG_INFORMATION_FORMAT = "dwarf-with-dsym";
				ENABLE_NS_ASSERTIONS = NO;
				ENABLE_STRICT_OBJC_MSGSEND = YES;
				GCC_C_LANGUAGE_STANDARD = gnu99;
				GCC_NO_COMMON_BLOCKS = YES;
				GCC_WARN_64_TO_32_BIT_CONVERSION = YES;
				GCC_WARN_ABOUT_RETURN_TYPE = YES_ERROR;
				GCC_WARN_UNDECLARED_SELECTOR = YES;
				GCC_WARN_UNINITIALIZED_AUTOS = YES_AGGRESSIVE;
				GCC_WARN_UNUSED_FUNCTION = YES;
				GCC_WARN_UNUSED_VARIABLE = YES;
				IPHONEOS_DEPLOYMENT_TARGET = 8.4;
				MTL_ENABLE_DEBUG_INFO = NO;
				SDKROOT = iphoneos;
				TARGETED_DEVICE_FAMILY = 2;
				VALIDATE_PRODUCT = YES;
			};
			name = Release;
		};
		57FCEE181B9B449000D9806D /* Debug */ = {
			isa = XCBuildConfiguration;
			buildSettings = {
				ASSETCATALOG_COMPILER_APPICON_NAME = AppIcon;
				CODE_SIGN_IDENTITY = "iPhone Developer";
				"CODE_SIGN_IDENTITY[sdk=iphoneos*]" = "iPhone Developer";
				INFOPLIST_FILE = Lumen/Info.plist;
				IPHONEOS_DEPLOYMENT_TARGET = 8.4;
				LD_RUNPATH_SEARCH_PATHS = "$(inherited) @executable_path/Frameworks";
				PRODUCT_BUNDLE_IDENTIFIER = com.pastapeddler.lumen;
				PRODUCT_NAME = "$(TARGET_NAME)";
				PROVISIONING_PROFILE = "";
				TARGETED_DEVICE_FAMILY = 2;
			};
			name = Debug;
		};
		57FCEE191B9B449000D9806D /* Release */ = {
			isa = XCBuildConfiguration;
			buildSettings = {
				ASSETCATALOG_COMPILER_APPICON_NAME = AppIcon;
				CODE_SIGN_IDENTITY = "iPhone Developer";
				"CODE_SIGN_IDENTITY[sdk=iphoneos*]" = "iPhone Developer";
				INFOPLIST_FILE = Lumen/Info.plist;
				IPHONEOS_DEPLOYMENT_TARGET = 8.4;
				LD_RUNPATH_SEARCH_PATHS = "$(inherited) @executable_path/Frameworks";
				PRODUCT_BUNDLE_IDENTIFIER = com.pastapeddler.lumen;
				PRODUCT_NAME = "$(TARGET_NAME)";
				PROVISIONING_PROFILE = "";
				TARGETED_DEVICE_FAMILY = 2;
			};
			name = Release;
		};
		57FCEE1B1B9B449000D9806D /* Debug */ = {
			isa = XCBuildConfiguration;
			buildSettings = {
				BUNDLE_LOADER = "$(TEST_HOST)";
				FRAMEWORK_SEARCH_PATHS = (
					"$(SDKROOT)/Developer/Library/Frameworks",
					"$(inherited)",
				);
				GCC_PREPROCESSOR_DEFINITIONS = (
					"DEBUG=1",
					"$(inherited)",
				);
				INFOPLIST_FILE = LumenTests/Info.plist;
				LD_RUNPATH_SEARCH_PATHS = "$(inherited) @executable_path/Frameworks @loader_path/Frameworks";
				PRODUCT_BUNDLE_IDENTIFIER = "com.infinityapps.$(PRODUCT_NAME:rfc1034identifier)";
				PRODUCT_NAME = "$(TARGET_NAME)";
				TEST_HOST = "$(BUILT_PRODUCTS_DIR)/Lumen.app/Lumen";
			};
			name = Debug;
		};
		57FCEE1C1B9B449000D9806D /* Release */ = {
			isa = XCBuildConfiguration;
			buildSettings = {
				BUNDLE_LOADER = "$(TEST_HOST)";
				FRAMEWORK_SEARCH_PATHS = (
					"$(SDKROOT)/Developer/Library/Frameworks",
					"$(inherited)",
				);
				INFOPLIST_FILE = LumenTests/Info.plist;
				LD_RUNPATH_SEARCH_PATHS = "$(inherited) @executable_path/Frameworks @loader_path/Frameworks";
				PRODUCT_BUNDLE_IDENTIFIER = "com.infinityapps.$(PRODUCT_NAME:rfc1034identifier)";
				PRODUCT_NAME = "$(TARGET_NAME)";
				TEST_HOST = "$(BUILT_PRODUCTS_DIR)/Lumen.app/Lumen";
			};
			name = Release;
		};
/* End XCBuildConfiguration section */

/* Begin XCConfigurationList section */
		57FCEDF31B9B449000D9806D /* Build configuration list for PBXProject "lumen" */ = {
			isa = XCConfigurationList;
			buildConfigurations = (
				57FCEE151B9B449000D9806D /* Debug */,
				57FCEE161B9B449000D9806D /* Release */,
			);
			defaultConfigurationIsVisible = 0;
			defaultConfigurationName = Release;
		};
		57FCEE171B9B449000D9806D /* Build configuration list for PBXNativeTarget "Lumen" */ = {
			isa = XCConfigurationList;
			buildConfigurations = (
				57FCEE181B9B449000D9806D /* Debug */,
				57FCEE191B9B449000D9806D /* Release */,
			);
			defaultConfigurationIsVisible = 0;
			defaultConfigurationName = Release;
		};
		57FCEE1A1B9B449000D9806D /* Build configuration list for PBXNativeTarget "LumenTests" */ = {
			isa = XCConfigurationList;
			buildConfigurations = (
				57FCEE1B1B9B449000D9806D /* Debug */,
				57FCEE1C1B9B449000D9806D /* Release */,
			);
			defaultConfigurationIsVisible = 0;
			defaultConfigurationName = Release;
		};
/* End XCConfigurationList section */
	};
	rootObject = 57FCEDF01B9B449000D9806D /* Project object */;
}
